
Microsoft Visual Studio Solution File, Format Version 12.00
# Visual Studio Version 17
VisualStudioVersion = 17.3.32819.101
MinimumVisualStudioVersion = 10.0.40219.1
Project("{FAE04EC0-301F-11D3-BF4B-00C04F79EFBC}") = "TZ_FIZIKON", "TZ_FIZIKON\TZ_FIZIKON.csproj", "{D061BF1D-A615-4DC9-ACF4-9D7AD7E94CBA}"
EndProject
Global
	GlobalSection(SolutionConfigurationPlatforms) = preSolution
		Debug|Any CPU = Debug|Any CPU
		Release|Any CPU = Release|Any CPU
	EndGlobalSection
	GlobalSection(ProjectConfigurationPlatforms) = postSolution
		{D061BF1D-A615-4DC9-ACF4-9D7AD7E94CBA}.Debug|Any CPU.ActiveCfg = Debug|Any CPU
		{D061BF1D-A615-4DC9-ACF4-9D7AD7E94CBA}.Debug|Any CPU.Build.0 = Debug|Any CPU
		{D061BF1D-A615-4DC9-ACF4-9D7AD7E94CBA}.Release|Any CPU.ActiveCfg = Release|Any CPU
		{D061BF1D-A615-4DC9-ACF4-9D7AD7E94CBA}.Release|Any CPU.Build.0 = Release|Any CPU
	EndGlobalSection
	GlobalSection(SolutionProperties) = preSolution
		HideSolutionNode = FALSE
	EndGlobalSection
	GlobalSection(ExtensibilityGlobals) = postSolution
		SolutionGuid = {1E90755D-5586-46BB-B234-42E79AE4AD72}
	EndGlobalSection
EndGlobal
